
Microsoft Visual Studio Solution File, Format Version 12.00
# Visual Studio Version 16
VisualStudioVersion = 16.0.32126.315
MinimumVisualStudioVersion = 10.0.40219.1
Project("{FAE04EC0-301F-11D3-BF4B-00C04F79EFBC}") = "T1", "T1\T1.csproj", "{2C75D971-8D25-4F17-B156-B1A0DDEC9A12}"
EndProject
Global
	GlobalSection(SolutionConfigurationPlatforms) = preSolution
		Debug|Any CPU = Debug|Any CPU
		Release|Any CPU = Release|Any CPU
	EndGlobalSection
	GlobalSection(ProjectConfigurationPlatforms) = postSolution
		{2C75D971-8D25-4F17-B156-B1A0DDEC9A12}.Debug|Any CPU.ActiveCfg = Debug|Any CPU
		{2C75D971-8D25-4F17-B156-B1A0DDEC9A12}.Debug|Any CPU.Build.0 = Debug|Any CPU
		{2C75D971-8D25-4F17-B156-B1A0DDEC9A12}.Release|Any CPU.ActiveCfg = Release|Any CPU
		{2C75D971-8D25-4F17-B156-B1A0DDEC9A12}.Release|Any CPU.Build.0 = Release|Any CPU
	EndGlobalSection
	GlobalSection(SolutionProperties) = preSolution
		HideSolutionNode = FALSE
	EndGlobalSection
	GlobalSection(ExtensibilityGlobals) = postSolution
		SolutionGuid = {EBCA2E81-A0A0-426E-BE96-A65AD41010D0}
	EndGlobalSection
EndGlobal
