
Microsoft Visual Studio Solution File, Format Version 12.00
# Visual Studio Version 16
VisualStudioVersion = 16.0.32126.315
MinimumVisualStudioVersion = 10.0.40219.1
Project("{FAE04EC0-301F-11D3-BF4B-00C04F79EFBC}") = "T3", "T3\T3.csproj", "{1B4136A6-DD85-425C-B564-8D6B1F7A22C0}"
EndProject
Global
	GlobalSection(SolutionConfigurationPlatforms) = preSolution
		Debug|Any CPU = Debug|Any CPU
		Release|Any CPU = Release|Any CPU
	EndGlobalSection
	GlobalSection(ProjectConfigurationPlatforms) = postSolution
		{1B4136A6-DD85-425C-B564-8D6B1F7A22C0}.Debug|Any CPU.ActiveCfg = Debug|Any CPU
		{1B4136A6-DD85-425C-B564-8D6B1F7A22C0}.Debug|Any CPU.Build.0 = Debug|Any CPU
		{1B4136A6-DD85-425C-B564-8D6B1F7A22C0}.Release|Any CPU.ActiveCfg = Release|Any CPU
		{1B4136A6-DD85-425C-B564-8D6B1F7A22C0}.Release|Any CPU.Build.0 = Release|Any CPU
	EndGlobalSection
	GlobalSection(SolutionProperties) = preSolution
		HideSolutionNode = FALSE
	EndGlobalSection
	GlobalSection(ExtensibilityGlobals) = postSolution
		SolutionGuid = {93ECBFB6-0FB1-4DBF-BA6D-40CC283136F5}
	EndGlobalSection
EndGlobal
